
Microsoft Visual Studio Solution File, Format Version 12.00
# Visual Studio 14
VisualStudioVersion = 14.0.23107.0
MinimumVisualStudioVersion = 10.0.40219.1
Project("{FAE04EC0-301F-11D3-BF4B-00C04F79EFBC}") = "Crawler.Web", "Crawler.Web\Crawler.Web.csproj", "{982A20C5-8A06-473C-AB7B-3CE55C281644}"
EndProject
Project("{FAE04EC0-301F-11D3-BF4B-00C04F79EFBC}") = "Crawler.Domain", "Crawler.Domain\Crawler.Domain.csproj", "{18EE052D-9FD3-4100-9A1A-357A370DDDB6}"
EndProject
Project("{FAE04EC0-301F-11D3-BF4B-00C04F79EFBC}") = "Crawler.Web.Framework", "Crawler.Web.Framework\Crawler.Web.Framework.csproj", "{8D5D3B35-DECD-4D91-8A0F-B347E3A86E24}"
EndProject
Project("{FAE04EC0-301F-11D3-BF4B-00C04F79EFBC}") = "Crawler.UnitTests", "Crawler.UnitTests\Crawler.UnitTests.csproj", "{4ED8E1CB-F285-4DF2-910B-C21420599E63}"
EndProject
Project("{FAE04EC0-301F-11D3-BF4B-00C04F79EFBC}") = "Crawler.Framework", "Crawler.Framework\Crawler.Framework.csproj", "{1F079CC7-F3DB-4FDF-A6BC-0E480D589139}"
	ProjectSection(ProjectDependencies) = postProject
		{18EE052D-9FD3-4100-9A1A-357A370DDDB6} = {18EE052D-9FD3-4100-9A1A-357A370DDDB6}
	EndProjectSection
EndProject
Global
	GlobalSection(SolutionConfigurationPlatforms) = preSolution
		Debug|Any CPU = Debug|Any CPU
		Release|Any CPU = Release|Any CPU
	EndGlobalSection
	GlobalSection(ProjectConfigurationPlatforms) = postSolution
		{982A20C5-8A06-473C-AB7B-3CE55C281644}.Debug|Any CPU.ActiveCfg = Debug|Any CPU
		{982A20C5-8A06-473C-AB7B-3CE55C281644}.Debug|Any CPU.Build.0 = Debug|Any CPU
		{982A20C5-8A06-473C-AB7B-3CE55C281644}.Release|Any CPU.ActiveCfg = Release|Any CPU
		{982A20C5-8A06-473C-AB7B-3CE55C281644}.Release|Any CPU.Build.0 = Release|Any CPU
		{18EE052D-9FD3-4100-9A1A-357A370DDDB6}.Debug|Any CPU.ActiveCfg = Debug|Any CPU
		{18EE052D-9FD3-4100-9A1A-357A370DDDB6}.Debug|Any CPU.Build.0 = Debug|Any CPU
		{18EE052D-9FD3-4100-9A1A-357A370DDDB6}.Release|Any CPU.ActiveCfg = Release|Any CPU
		{18EE052D-9FD3-4100-9A1A-357A370DDDB6}.Release|Any CPU.Build.0 = Release|Any CPU
		{8D5D3B35-DECD-4D91-8A0F-B347E3A86E24}.Debug|Any CPU.ActiveCfg = Debug|Any CPU
		{8D5D3B35-DECD-4D91-8A0F-B347E3A86E24}.Debug|Any CPU.Build.0 = Debug|Any CPU
		{8D5D3B35-DECD-4D91-8A0F-B347E3A86E24}.Release|Any CPU.ActiveCfg = Release|Any CPU
		{8D5D3B35-DECD-4D91-8A0F-B347E3A86E24}.Release|Any CPU.Build.0 = Release|Any CPU
		{4ED8E1CB-F285-4DF2-910B-C21420599E63}.Debug|Any CPU.ActiveCfg = Debug|Any CPU
		{4ED8E1CB-F285-4DF2-910B-C21420599E63}.Debug|Any CPU.Build.0 = Debug|Any CPU
		{4ED8E1CB-F285-4DF2-910B-C21420599E63}.Release|Any CPU.ActiveCfg = Release|Any CPU
		{4ED8E1CB-F285-4DF2-910B-C21420599E63}.Release|Any CPU.Build.0 = Release|Any CPU
		{1F079CC7-F3DB-4FDF-A6BC-0E480D589139}.Debug|Any CPU.ActiveCfg = Debug|Any CPU
		{1F079CC7-F3DB-4FDF-A6BC-0E480D589139}.Debug|Any CPU.Build.0 = Debug|Any CPU
		{1F079CC7-F3DB-4FDF-A6BC-0E480D589139}.Release|Any CPU.ActiveCfg = Release|Any CPU
		{1F079CC7-F3DB-4FDF-A6BC-0E480D589139}.Release|Any CPU.Build.0 = Release|Any CPU
	EndGlobalSection
	GlobalSection(SolutionProperties) = preSolution
		HideSolutionNode = FALSE
	EndGlobalSection
EndGlobal
